{
  "nodes": {
    "catppuccin-vsc": {
      "inputs": {
        "nixpkgs": "nixpkgs"
      },
      "locked": {
        "lastModified": 1733066065,
        "narHash": "sha256-H4BKe79KqrbaegHR4YIjIAsY4AXzVH+MpFxJdHRzllE=",
        "owner": "catppuccin",
        "repo": "vscode",
        "rev": "7b0ff73aa9e9718cbe418a3f90f771aa14a655b8",
        "type": "github"
      },
      "original": {
        "owner": "catppuccin",
        "repo": "vscode",
        "type": "github"
      }
    },
    "flake-utils": {
      "inputs": {
        "systems": "systems"
      },
      "locked": {
        "lastModified": 1731533236,
        "narHash": "sha256-l0KFg5HjrsfsO/JpG+r7fRrqm12kzFHyUHqHCVpMMbI=",
        "owner": "numtide",
        "repo": "flake-utils",
        "rev": "11707dc2f618dd54ca8739b309ec4fc024de578b",
        "type": "github"
      },
      "original": {
        "owner": "numtide",
        "repo": "flake-utils",
        "type": "github"
      }
    },
    "flake-utils_2": {
      "locked": {
        "lastModified": 1656065134,
        "narHash": "sha256-oc6E6ByIw3oJaIyc67maaFcnjYOz1mMcOtHxbEf9NwQ=",
        "owner": "numtide",
        "repo": "flake-utils",
        "rev": "bee6a7250dd1b01844a2de7e02e4df7d8a0a206c",
        "type": "github"
      },
      "original": {
        "id": "flake-utils",
        "type": "indirect"
      }
    },
    "home-manager": {
      "inputs": {
        "nixpkgs": [
          "nixpkgs"
        ]
      },
      "locked": {
        "lastModified": 1735381016,
        "narHash": "sha256-CyCZFhMUkuYbSD6bxB/r43EdmDE7hYeZZPTCv0GudO4=",
        "owner": "nix-community",
        "repo": "home-manager",
        "rev": "10e99c43cdf4a0713b4e81d90691d22c6a58bdf2",
        "type": "github"
      },
      "original": {
        "owner": "nix-community",
        "repo": "home-manager",
        "type": "github"
      }
    },
    "nixpkgs": {
      "locked": {
        "lastModified": 1732837521,
        "narHash": "sha256-jNRNr49UiuIwaarqijgdTR2qLPifxsVhlJrKzQ8XUIE=",
        "owner": "NixOS",
        "repo": "nixpkgs",
        "rev": "970e93b9f82e2a0f3675757eb0bfc73297cc6370",
        "type": "github"
      },
      "original": {
        "owner": "NixOS",
        "ref": "nixos-unstable",
        "repo": "nixpkgs",
        "type": "github"
      }
    },
    "nixpkgs_2": {
      "locked": {
        "lastModified": 1735268880,
        "narHash": "sha256-7QEFnKkzD13SPxs+UFR5bUFN2fRw+GlL0am72ZjNre4=",
        "owner": "nixos",
        "repo": "nixpkgs",
        "rev": "7cc0bff31a3a705d3ac4fdceb030a17239412210",
        "type": "github"
      },
      "original": {
        "owner": "nixos",
        "ref": "nixpkgs-unstable",
        "repo": "nixpkgs",
        "type": "github"
      }
    },
    "r-radian": {
      "inputs": {
        "flake-utils": "flake-utils_2",
        "nixpkgs": [
          "nixpkgs"
        ],
        "radian": "radian",
        "rchitect": "rchitect"
      },
      "locked": {
        "lastModified": 1656362099,
        "narHash": "sha256-uD1wP4cPRurX4FiKjjDq2kDuNlgb4TWgQItfEnQfIT8=",
        "owner": "swt30",
        "repo": "radian-flake",
        "rev": "6f6715a126a4ed730c055248aaf579b18e117f75",
        "type": "github"
      },
      "original": {
        "owner": "swt30",
        "repo": "radian-flake",
        "type": "github"
      }
    },
    "radian": {
      "flake": false,
      "locked": {
        "lastModified": 1652992299,
        "narHash": "sha256-O4C8AL9PercScmF3iP+usPNDyTsTT3ObgdNk5i3DJEo=",
        "owner": "randy3k",
        "repo": "radian",
        "rev": "a07d389b9b41d0c662dd159f7ecbed315c77b20f",
        "type": "github"
      },
      "original": {
        "owner": "randy3k",
        "ref": "v0.6.3",
        "repo": "radian",
        "type": "github"
      }
    },
    "rchitect": {
      "flake": false,
      "locked": {
        "lastModified": 1645768136,
        "narHash": "sha256-siCl+SlWo0xapxT3LKycNBHdiI+LlS6yMqUnFvilIwk=",
        "owner": "randy3k",
        "repo": "rchitect",
        "rev": "7227be4172f30aa51317e935b25a7e6c6cddf0e0",
        "type": "github"
      },
      "original": {
        "owner": "randy3k",
        "ref": "v0.3.36",
        "repo": "rchitect",
        "type": "github"
      }
    },
    "root": {
      "inputs": {
        "catppuccin-vsc": "catppuccin-vsc",
        "flake-utils": "flake-utils",
        "home-manager": "home-manager",
        "nixpkgs": "nixpkgs_2",
        "r-radian": "r-radian"
      }
    },
    "systems": {
      "locked": {
        "lastModified": 1681028828,
        "narHash": "sha256-Vy1rq5AaRuLzOxct8nz4T6wlgyUR7zLU309k9mBC768=",
        "owner": "nix-systems",
        "repo": "default",
        "rev": "da67096a3b9bf56a91d16901293e51ba5b49a27e",
        "type": "github"
      },
      "original": {
        "owner": "nix-systems",
        "repo": "default",
        "type": "github"
      }
    }
  },
  "root": "root",
  "version": 7
}
